
Microsoft Visual Studio Solution File, Format Version 12.00
# Visual Studio Version 16
VisualStudioVersion = 16.0.29230.47
MinimumVisualStudioVersion = 10.0.40219.1
Project("{FAE04EC0-301F-11D3-BF4B-00C04F79EFBC}") = "SisVentas", "SisVentas\SisVentas.csproj", "{131B4A62-9484-4B3A-8492-D70A097D6BE7}"
EndProject
Project("{FAE04EC0-301F-11D3-BF4B-00C04F79EFBC}") = "CapaDatos", "CapaDatos\CapaDatos.csproj", "{8214D872-C53A-4014-A094-3E3854FE7093}"
EndProject
Project("{FAE04EC0-301F-11D3-BF4B-00C04F79EFBC}") = "CapaNegocios", "CapaNegocios\CapaNegocios.csproj", "{7101F291-73F2-4664-BDB8-1085B95D3530}"
EndProject
Project("{FAE04EC0-301F-11D3-BF4B-00C04F79EFBC}") = "CapaPresentacion", "CapaPresentacion\CapaPresentacion.csproj", "{7CB8F186-DE09-4604-80FF-CB860AAF4FF1}"
EndProject
Global
	GlobalSection(SolutionConfigurationPlatforms) = preSolution
		Debug|Any CPU = Debug|Any CPU
		Release|Any CPU = Release|Any CPU
	EndGlobalSection
	GlobalSection(ProjectConfigurationPlatforms) = postSolution
		{131B4A62-9484-4B3A-8492-D70A097D6BE7}.Debug|Any CPU.ActiveCfg = Debug|Any CPU
		{131B4A62-9484-4B3A-8492-D70A097D6BE7}.Debug|Any CPU.Build.0 = Debug|Any CPU
		{131B4A62-9484-4B3A-8492-D70A097D6BE7}.Release|Any CPU.ActiveCfg = Release|Any CPU
		{131B4A62-9484-4B3A-8492-D70A097D6BE7}.Release|Any CPU.Build.0 = Release|Any CPU
		{8214D872-C53A-4014-A094-3E3854FE7093}.Debug|Any CPU.ActiveCfg = Debug|Any CPU
		{8214D872-C53A-4014-A094-3E3854FE7093}.Debug|Any CPU.Build.0 = Debug|Any CPU
		{8214D872-C53A-4014-A094-3E3854FE7093}.Release|Any CPU.ActiveCfg = Release|Any CPU
		{8214D872-C53A-4014-A094-3E3854FE7093}.Release|Any CPU.Build.0 = Release|Any CPU
		{7101F291-73F2-4664-BDB8-1085B95D3530}.Debug|Any CPU.ActiveCfg = Debug|Any CPU
		{7101F291-73F2-4664-BDB8-1085B95D3530}.Debug|Any CPU.Build.0 = Debug|Any CPU
		{7101F291-73F2-4664-BDB8-1085B95D3530}.Release|Any CPU.ActiveCfg = Release|Any CPU
		{7101F291-73F2-4664-BDB8-1085B95D3530}.Release|Any CPU.Build.0 = Release|Any CPU
		{7CB8F186-DE09-4604-80FF-CB860AAF4FF1}.Debug|Any CPU.ActiveCfg = Debug|Any CPU
		{7CB8F186-DE09-4604-80FF-CB860AAF4FF1}.Debug|Any CPU.Build.0 = Debug|Any CPU
		{7CB8F186-DE09-4604-80FF-CB860AAF4FF1}.Release|Any CPU.ActiveCfg = Release|Any CPU
		{7CB8F186-DE09-4604-80FF-CB860AAF4FF1}.Release|Any CPU.Build.0 = Release|Any CPU
	EndGlobalSection
	GlobalSection(SolutionProperties) = preSolution
		HideSolutionNode = FALSE
	EndGlobalSection
	GlobalSection(ExtensibilityGlobals) = postSolution
		SolutionGuid = {80096926-3FA9-42C1-A934-10BBAB085B60}
	EndGlobalSection
EndGlobal
